// !$*UTF8*$!
{
	archiveVersion = 1;
	classes = {
	};
	objectVersion = 77;
	objects = {

/* Begin PBXContainerItemProxy section */
		91D30AC72DBEA3BA0059E396 /* PBXContainerItemProxy */ = {
			isa = PBXContainerItemProxy;
			containerPortal = 91D30AB02DBEA3B90059E396 /* Project object */;
			proxyType = 1;
			remoteGlobalIDString = 91D30AB72DBEA3B90059E396;
			remoteInfo = athena;
		};
		91D30AD12DBEA3BA0059E396 /* PBXContainerItemProxy */ = {
			isa = PBXContainerItemProxy;
			containerPortal = 91D30AB02DBEA3B90059E396 /* Project object */;
			proxyType = 1;
			remoteGlobalIDString = 91D30AB72DBEA3B90059E396;
			remoteInfo = athena;
		};
/* End PBXContainerItemProxy section */

/* Begin PBXFileReference section */
		91D30AB82DBEA3B90059E396 /* athena.app */ = {isa = PBXFileReference; explicitFileType = wrapper.application; includeInIndex = 0; path = athena.app; sourceTree = BUILT_PRODUCTS_DIR; };
		91D30AC62DBEA3BA0059E396 /* athenaTests.xctest */ = {isa = PBXFileReference; explicitFileType = wrapper.cfbundle; includeInIndex = 0; path = athenaTests.xctest; sourceTree = BUILT_PRODUCTS_DIR; };
		91D30AD02DBEA3BA0059E396 /* athenaUITests.xctest */ = {isa = PBXFileReference; explicitFileType = wrapper.cfbundle; includeInIndex = 0; path = athenaUITests.xctest; sourceTree = BUILT_PRODUCTS_DIR; };
		91D30AF82DBEAA190059E396 /* WeatherKit.framework */ = {isa = PBXFileReference; lastKnownFileType = wrapper.framework; name = WeatherKit.framework; path = Platforms/iPhoneOS.platform/Developer/SDKs/iPhoneOS18.4.sdk/System/Library/Frameworks/WeatherKit.framework; sourceTree = DEVELOPER_DIR; };
/* End PBXFileReference section */

/* Begin PBXFileSystemSynchronizedBuildFileExceptionSet section */
		91D30AE62DBEA4960059E396 /* Exceptions for "athena" folder in "athena" target */ = {
			isa = PBXFileSystemSynchronizedBuildFileExceptionSet;
			membershipExceptions = (
				Info.plist,
			);
			target = 91D30AB72DBEA3B90059E396 /* athena */;
		};
/* End PBXFileSystemSynchronizedBuildFileExceptionSet section */

/* Begin PBXFileSystemSynchronizedRootGroup section */
		91D30ABA2DBEA3B90059E396 /* athena */ = {
			isa = PBXFileSystemSynchronizedRootGroup;
			exceptions = (
				91D30AE62DBEA4960059E396 /* Exceptions for "athena" folder in "athena" target */,
			);
			path = athena;
			sourceTree = "<group>";
		};
		91D30AC92DBEA3BA0059E396 /* athenaTests */ = {
			isa = PBXFileSystemSynchronizedRootGroup;
			path = athenaTests;
			sourceTree = "<group>";
		};
		91D30AD32DBEA3BA0059E396 /* athenaUITests */ = {
			isa = PBXFileSystemSynchronizedRootGroup;
			path = athenaUITests;
			sourceTree = "<group>";
		};
/* End PBXFileSystemSynchronizedRootGroup section */

/* Begin PBXFrameworksBuildPhase section */
		91D30AB52DBEA3B90059E396 /* Frameworks */ = {
			isa = PBXFrameworksBuildPhase;
			buildActionMask = 2147483647;
			files = (
			);
			runOnlyForDeploymentPostprocessing = 0;
		};
		91D30AC32DBEA3BA0059E396 /* Frameworks */ = {
			isa = PBXFrameworksBuildPhase;
			buildActionMask = 2147483647;
			files = (
			);
			runOnlyForDeploymentPostprocessing = 0;
		};
		91D30ACD2DBEA3BA0059E396 /* Frameworks */ = {
			isa = PBXFrameworksBuildPhase;
			buildActionMask = 2147483647;
			files = (
			);
			runOnlyForDeploymentPostprocessing = 0;
		};
/* End PBXFrameworksBuildPhase section */

/* Begin PBXGroup section */
		91D30AAF2DBEA3B90059E396 = {
			isa = PBXGroup;
			children = (
				91D30ABA2DBEA3B90059E396 /* athena */,
				91D30AC92DBEA3BA0059E396 /* athenaTests */,
				91D30AD32DBEA3BA0059E396 /* athenaUITests */,
				91D30AF72DBEAA190059E396 /* Frameworks */,
				91D30AB92DBEA3B90059E396 /* Products */,
			);
			sourceTree = "<group>";
		};
		91D30AB92DBEA3B90059E396 /* Products */ = {
			isa = PBXGroup;
			children = (
				91D30AB82DBEA3B90059E396 /* athena.app */,
				91D30AC62DBEA3BA0059E396 /* athenaTests.xctest */,
				91D30AD02DBEA3BA0059E396 /* athenaUITests.xctest */,
			);
			name = Products;
			sourceTree = "<group>";
		};
		91D30AF72DBEAA190059E396 /* Frameworks */ = {
			isa = PBXGroup;
			children = (
				91D30AF82DBEAA190059E396 /* WeatherKit.framework */,
			);
			name = Frameworks;
			sourceTree = "<group>";
		};
/* End PBXGroup section */

/* Begin PBXNativeTarget section */
		91D30AB72DBEA3B90059E396 /* athena */ = {
			isa = PBXNativeTarget;
			buildConfigurationList = 91D30ADA2DBEA3BA0059E396 /* Build configuration list for PBXNativeTarget "athena" */;
			buildPhases = (
				91D30AB42DBEA3B90059E396 /* Sources */,
				91D30AB52DBEA3B90059E396 /* Frameworks */,
				91D30AB62DBEA3B90059E396 /* Resources */,
			);
			buildRules = (
			);
			dependencies = (
			);
			fileSystemSynchronizedGroups = (
				91D30ABA2DBEA3B90059E396 /* athena */,
			);
			name = athena;
			packageProductDependencies = (
			);
			productName = athena;
			productReference = 91D30AB82DBEA3B90059E396 /* athena.app */;
			productType = "com.apple.product-type.application";
		};
		91D30AC52DBEA3BA0059E396 /* athenaTests */ = {
			isa = PBXNativeTarget;
			buildConfigurationList = 91D30ADD2DBEA3BA0059E396 /* Build configuration list for PBXNativeTarget "athenaTests" */;
			buildPhases = (
				91D30AC22DBEA3BA0059E396 /* Sources */,
				91D30AC32DBEA3BA0059E396 /* Frameworks */,
				91D30AC42DBEA3BA0059E396 /* Resources */,
			);
			buildRules = (
			);
			dependencies = (
				91D30AC82DBEA3BA0059E396 /* PBXTargetDependency */,
			);
			fileSystemSynchronizedGroups = (
				91D30AC92DBEA3BA0059E396 /* athenaTests */,
			);
			name = athenaTests;
			packageProductDependencies = (
			);
			productName = athenaTests;
			productReference = 91D30AC62DBEA3BA0059E396 /* athenaTests.xctest */;
			productType = "com.apple.product-type.bundle.unit-test";
		};
		91D30ACF2DBEA3BA0059E396 /* athenaUITests */ = {
			isa = PBXNativeTarget;
			buildConfigurationList = 91D30AE02DBEA3BA0059E396 /* Build configuration list for PBXNativeTarget "athenaUITests" */;
			buildPhases = (
				91D30ACC2DBEA3BA0059E396 /* Sources */,
				91D30ACD2DBEA3BA0059E396 /* Frameworks */,
				91D30ACE2DBEA3BA0059E396 /* Resources */,
			);
			buildRules = (
			);
			dependencies = (
				91D30AD22DBEA3BA0059E396 /* PBXTargetDependency */,
			);
			fileSystemSynchronizedGroups = (
				91D30AD32DBEA3BA0059E396 /* athenaUITests */,
			);
			name = athenaUITests;
			packageProductDependencies = (
			);
			productName = athenaUITests;
			productReference = 91D30AD02DBEA3BA0059E396 /* athenaUITests.xctest */;
			productType = "com.apple.product-type.bundle.ui-testing";
		};
/* End PBXNativeTarget section */

/* Begin PBXProject section */
		91D30AB02DBEA3B90059E396 /* Project object */ = {
			isa = PBXProject;
			attributes = {
				BuildIndependentTargetsInParallel = 1;
				LastSwiftUpdateCheck = 1630;
				LastUpgradeCheck = 1630;
				TargetAttributes = {
					91D30AB72DBEA3B90059E396 = {
						CreatedOnToolsVersion = 16.3;
					};
					91D30AC52DBEA3BA0059E396 = {
						CreatedOnToolsVersion = 16.3;
						TestTargetID = 91D30AB72DBEA3B90059E396;
					};
					91D30ACF2DBEA3BA0059E396 = {
						CreatedOnToolsVersion = 16.3;
						TestTargetID = 91D30AB72DBEA3B90059E396;
					};
				};
			};
			buildConfigurationList = 91D30AB32DBEA3B90059E396 /* Build configuration list for PBXProject "athena" */;
			developmentRegion = en;
			hasScannedForEncodings = 0;
			knownRegions = (
				en,
				Base,
			);
			mainGroup = 91D30AAF2DBEA3B90059E396;
			minimizedProjectReferenceProxies = 1;
			preferredProjectObjectVersion = 77;
			productRefGroup = 91D30AB92DBEA3B90059E396 /* Products */;
			projectDirPath = "";
			projectRoot = "";
			targets = (
				91D30AB72DBEA3B90059E396 /* athena */,
				91D30AC52DBEA3BA0059E396 /* athenaTests */,
				91D30ACF2DBEA3BA0059E396 /* athenaUITests */,
			);
		};
/* End PBXProject section */

/* Begin PBXResourcesBuildPhase section */
		91D30AB62DBEA3B90059E396 /* Resources */ = {
			isa = PBXResourcesBuildPhase;
			buildActionMask = 2147483647;
			files = (
			);
			runOnlyForDeploymentPostprocessing = 0;
		};
		91D30AC42DBEA3BA0059E396 /* Resources */ = {
			isa = PBXResourcesBuildPhase;
			buildActionMask = 2147483647;
			files = (
			);
			runOnlyForDeploymentPostprocessing = 0;
		};
		91D30ACE2DBEA3BA0059E396 /* Resources */ = {
			isa = PBXResourcesBuildPhase;
			buildActionMask = 2147483647;
			files = (
			);
			runOnlyForDeploymentPostprocessing = 0;
		};
/* End PBXResourcesBuildPhase section */

/* Begin PBXSourcesBuildPhase section */
		91D30AB42DBEA3B90059E396 /* Sources */ = {
			isa = PBXSourcesBuildPhase;
			buildActionMask = 2147483647;
			files = (
			);
			runOnlyForDeploymentPostprocessing = 0;
		};
		91D30AC22DBEA3BA0059E396 /* Sources */ = {
			isa = PBXSourcesBuildPhase;
			buildActionMask = 2147483647;
			files = (
			);
			runOnlyForDeploymentPostprocessing = 0;
		};
		91D30ACC2DBEA3BA0059E396 /* Sources */ = {
			isa = PBXSourcesBuildPhase;
			buildActionMask = 2147483647;
			files = (
			);
			runOnlyForDeploymentPostprocessing = 0;
		};
/* End PBXSourcesBuildPhase section */

/* Begin PBXTargetDependency section */
		91D30AC82DBEA3BA0059E396 /* PBXTargetDependency */ = {
			isa = PBXTargetDependency;
			target = 91D30AB72DBEA3B90059E396 /* athena */;
			targetProxy = 91D30AC72DBEA3BA0059E396 /* PBXContainerItemProxy */;
		};
		91D30AD22DBEA3BA0059E396 /* PBXTargetDependency */ = {
			isa = PBXTargetDependency;
			target = 91D30AB72DBEA3B90059E396 /* athena */;
			targetProxy = 91D30AD12DBEA3BA0059E396 /* PBXContainerItemProxy */;
		};
/* End PBXTargetDependency section */

/* Begin XCBuildConfiguration section */
		91D30AD82DBEA3BA0059E396 /* Debug */ = {
			isa = XCBuildConfiguration;
			buildSettings = {
				ALWAYS_SEARCH_USER_PATHS = NO;
				ASSETCATALOG_COMPILER_GENERATE_SWIFT_ASSET_SYMBOL_EXTENSIONS = YES;
				CLANG_ANALYZER_NONNULL = YES;
				CLANG_ANALYZER_NUMBER_OBJECT_CONVERSION = YES_AGGRESSIVE;
				CLANG_CXX_LANGUAGE_STANDARD = "gnu++20";
				CLANG_ENABLE_MODULES = YES;
				CLANG_ENABLE_OBJC_ARC = YES;
				CLANG_ENABLE_OBJC_WEAK = YES;
				CLANG_WARN_BLOCK_CAPTURE_AUTORELEASING = YES;
				CLANG_WARN_BOOL_CONVERSION = YES;
				CLANG_WARN_COMMA = YES;
				CLANG_WARN_CONSTANT_CONVERSION = YES;
				CLANG_WARN_DEPRECATED_OBJC_IMPLEMENTATIONS = YES;
				CLANG_WARN_DIRECT_OBJC_ISA_USAGE = YES_ERROR;
				CLANG_WARN_DOCUMENTATION_COMMENTS = YES;
				CLANG_WARN_EMPTY_BODY = YES;
				CLANG_WARN_ENUM_CONVERSION = YES;
				CLANG_WARN_INFINITE_RECURSION = YES;
				CLANG_WARN_INT_CONVERSION = YES;
				CLANG_WARN_NON_LITERAL_NULL_CONVERSION = YES;
				CLANG_WARN_OBJC_IMPLICIT_RETAIN_SELF = YES;
				CLANG_WARN_OBJC_LITERAL_CONVERSION = YES;
				CLANG_WARN_OBJC_ROOT_CLASS = YES_ERROR;
				CLANG_WARN_QUOTED_INCLUDE_IN_FRAMEWORK_HEADER = YES;
				CLANG_WARN_RANGE_LOOP_ANALYSIS = YES;
				CLANG_WARN_STRICT_PROTOTYPES = YES;
				CLANG_WARN_SUSPICIOUS_MOVE = YES;
				CLANG_WARN_UNGUARDED_AVAILABILITY = YES_AGGRESSIVE;
				CLANG_WARN_UNREACHABLE_CODE = YES;
				CLANG_WARN__DUPLICATE_METHOD_MATCH = YES;
				COPY_PHASE_STRIP = NO;
				DEBUG_INFORMATION_FORMAT = dwarf;
				DEVELOPMENT_TEAM = T3Y5M253T5;
				ENABLE_STRICT_OBJC_MSGSEND = YES;
				ENABLE_TESTABILITY = YES;
				ENABLE_USER_SCRIPT_SANDBOXING = YES;
				GCC_C_LANGUAGE_STANDARD = gnu17;
				GCC_DYNAMIC_NO_PIC = NO;
				GCC_NO_COMMON_BLOCKS = YES;
				GCC_OPTIMIZATION_LEVEL = 0;
				GCC_PREPROCESSOR_DEFINITIONS = (
					"DEBUG=1",
					"$(inherited)",
				);
				GCC_WARN_64_TO_32_BIT_CONVERSION = YES;
				GCC_WARN_ABOUT_RETURN_TYPE = YES_ERROR;
				GCC_WARN_UNDECLARED_SELECTOR = YES;
				GCC_WARN_UNINITIALIZED_AUTOS = YES_AGGRESSIVE;
				GCC_WARN_UNUSED_FUNCTION = YES;
				GCC_WARN_UNUSED_VARIABLE = YES;
				LOCALIZATION_PREFERS_STRING_CATALOGS = YES;
				MTL_ENABLE_DEBUG_INFO = INCLUDE_SOURCE;
				MTL_FAST_MATH = YES;
				ONLY_ACTIVE_ARCH = YES;
				SWIFT_ACTIVE_COMPILATION_CONDITIONS = "DEBUG $(inherited)";
				SWIFT_OPTIMIZATION_LEVEL = "-Onone";
			};
			name = Debug;
		};
		91D30AD92DBEA3BA0059E396 /* Release */ = {
			isa = XCBuildConfiguration;
			buildSettings = {
				ALWAYS_SEARCH_USER_PATHS = NO;
				ASSETCATALOG_COMPILER_GENERATE_SWIFT_ASSET_SYMBOL_EXTENSIONS = YES;
				CLANG_ANALYZER_NONNULL = YES;
				CLANG_ANALYZER_NUMBER_OBJECT_CONVERSION = YES_AGGRESSIVE;
				CLANG_CXX_LANGUAGE_STANDARD = "gnu++20";
				CLANG_ENABLE_MODULES = YES;
				CLANG_ENABLE_OBJC_ARC = YES;
				CLANG_ENABLE_OBJC_WEAK = YES;
				CLANG_WARN_BLOCK_CAPTURE_AUTORELEASING = YES;
				CLANG_WARN_BOOL_CONVERSION = YES;
				CLANG_WARN_COMMA = YES;
				CLANG_WARN_CONSTANT_CONVERSION = YES;
				CLANG_WARN_DEPRECATED_OBJC_IMPLEMENTATIONS = YES;
				CLANG_WARN_DIRECT_OBJC_ISA_USAGE = YES_ERROR;
				CLANG_WARN_DOCUMENTATION_COMMENTS = YES;
				CLANG_WARN_EMPTY_BODY = YES;
				CLANG_WARN_ENUM_CONVERSION = YES;
				CLANG_WARN_INFINITE_RECURSION = YES;
				CLANG_WARN_INT_CONVERSION = YES;
				CLANG_WARN_NON_LITERAL_NULL_CONVERSION = YES;
				CLANG_WARN_OBJC_IMPLICIT_RETAIN_SELF = YES;
				CLANG_WARN_OBJC_LITERAL_CONVERSION = YES;
				CLANG_WARN_OBJC_ROOT_CLASS = YES_ERROR;
				CLANG_WARN_QUOTED_INCLUDE_IN_FRAMEWORK_HEADER = YES;
				CLANG_WARN_RANGE_LOOP_ANALYSIS = YES;
				CLANG_WARN_STRICT_PROTOTYPES = YES;
				CLANG_WARN_SUSPICIOUS_MOVE = YES;
				CLANG_WARN_UNGUARDED_AVAILABILITY = YES_AGGRESSIVE;
				CLANG_WARN_UNREACHABLE_CODE = YES;
				CLANG_WARN__DUPLICATE_METHOD_MATCH = YES;
				COPY_PHASE_STRIP = NO;
				DEBUG_INFORMATION_FORMAT = "dwarf-with-dsym";
				DEVELOPMENT_TEAM = T3Y5M253T5;
				ENABLE_NS_ASSERTIONS = NO;
				ENABLE_STRICT_OBJC_MSGSEND = YES;
				ENABLE_USER_SCRIPT_SANDBOXING = YES;
				GCC_C_LANGUAGE_STANDARD = gnu17;
				GCC_NO_COMMON_BLOCKS = YES;
				GCC_WARN_64_TO_32_BIT_CONVERSION = YES;
				GCC_WARN_ABOUT_RETURN_TYPE = YES_ERROR;
				GCC_WARN_UNDECLARED_SELECTOR = YES;
				GCC_WARN_UNINITIALIZED_AUTOS = YES_AGGRESSIVE;
				GCC_WARN_UNUSED_FUNCTION = YES;
				GCC_WARN_UNUSED_VARIABLE = YES;
				LOCALIZATION_PREFERS_STRING_CATALOGS = YES;
				MTL_ENABLE_DEBUG_INFO = NO;
				MTL_FAST_MATH = YES;
				SWIFT_COMPILATION_MODE = wholemodule;
			};
			name = Release;
		};
		91D30ADB2DBEA3BA0059E396 /* Debug */ = {
			isa = XCBuildConfiguration;
			buildSettings = {
				ASSETCATALOG_COMPILER_APPICON_NAME = AppIcon;
				ASSETCATALOG_COMPILER_GLOBAL_ACCENT_COLOR_NAME = AccentColor;
				CODE_SIGN_ENTITLEMENTS = athena/athena.entitlements;
				CODE_SIGN_STYLE = Automatic;
				CURRENT_PROJECT_VERSION = 1;
				DEVELOPMENT_TEAM = T3Y5M253T5;
				ENABLE_HARDENED_RUNTIME = YES;
				ENABLE_PREVIEWS = YES;
				GENERATE_INFOPLIST_FILE = YES;
				INFOPLIST_FILE = athena/Info.plist;
				INFOPLIST_KEY_NSCalendarsUsageDescription = "This app needs access to your calendar to show upcoming events.";
				INFOPLIST_KEY_NSHealthShareUsageDescription = "This app needs access to your health data to show your activity information";
				INFOPLIST_KEY_NSHealthUpdateUsageDescription = "This app needs permission to update your health data";
				INFOPLIST_KEY_NSLocationWhenInUseUsageDescription = "This app needs your location to show weather information";
				INFOPLIST_KEY_NSRemindersUsageDescription = "This app needs access to your reminders to show pending tasks.";
				"INFOPLIST_KEY_UIApplicationSceneManifest_Generation[sdk=iphoneos*]" = YES;
				"INFOPLIST_KEY_UIApplicationSceneManifest_Generation[sdk=iphonesimulator*]" = YES;
				"INFOPLIST_KEY_UIApplicationSupportsIndirectInputEvents[sdk=iphoneos*]" = YES;
				"INFOPLIST_KEY_UIApplicationSupportsIndirectInputEvents[sdk=iphonesimulator*]" = YES;
				"INFOPLIST_KEY_UILaunchScreen_Generation[sdk=iphoneos*]" = YES;
				"INFOPLIST_KEY_UILaunchScreen_Generation[sdk=iphonesimulator*]" = YES;
				"INFOPLIST_KEY_UIStatusBarStyle[sdk=iphoneos*]" = UIStatusBarStyleDefault;
				"INFOPLIST_KEY_UIStatusBarStyle[sdk=iphonesimulator*]" = UIStatusBarStyleDefault;
				INFOPLIST_KEY_UISupportedInterfaceOrientations_iPad = "UIInterfaceOrientationPortrait UIInterfaceOrientationPortraitUpsideDown UIInterfaceOrientationLandscapeLeft UIInterfaceOrientationLandscapeRight";
				INFOPLIST_KEY_UISupportedInterfaceOrientations_iPhone = "UIInterfaceOrientationPortrait UIInterfaceOrientationLandscapeLeft UIInterfaceOrientationLandscapeRight";
				IPHONEOS_DEPLOYMENT_TARGET = 18.4;
				LD_RUNPATH_SEARCH_PATHS = "@executable_path/Frameworks";
				"LD_RUNPATH_SEARCH_PATHS[sdk=macosx*]" = "@executable_path/../Frameworks";
				MACOSX_DEPLOYMENT_TARGET = 15.4;
				MARKETING_VERSION = 1.0;
				PRODUCT_BUNDLE_IDENTIFIER = aguilarcarboni.athena;
				PRODUCT_NAME = "$(TARGET_NAME)";
				REGISTER_APP_GROUPS = YES;
				SDKROOT = auto;
				SUPPORTED_PLATFORMS = "iphoneos iphonesimulator macosx xros xrsimulator";
				SWIFT_EMIT_LOC_STRINGS = YES;
				SWIFT_VERSION = 5.0;
				TARGETED_DEVICE_FAMILY = "1,2,7";
				XROS_DEPLOYMENT_TARGET = 2.4;
			};
			name = Debug;
		};
		91D30ADC2DBEA3BA0059E396 /* Release */ = {
			isa = XCBuildConfiguration;
			buildSettings = {
				ASSETCATALOG_COMPILER_APPICON_NAME = AppIcon;
				ASSETCATALOG_COMPILER_GLOBAL_ACCENT_COLOR_NAME = AccentColor;
				CODE_SIGN_ENTITLEMENTS = athena/athena.entitlements;
				CODE_SIGN_STYLE = Automatic;
				CURRENT_PROJECT_VERSION = 1;
				DEVELOPMENT_TEAM = T3Y5M253T5;
				ENABLE_HARDENED_RUNTIME = YES;
				ENABLE_PREVIEWS = YES;
				GENERATE_INFOPLIST_FILE = YES;
				INFOPLIST_FILE = athena/Info.plist;
				INFOPLIST_KEY_NSCalendarsUsageDescription = "This app needs access to your calendar to show upcoming events.";
				INFOPLIST_KEY_NSHealthShareUsageDescription = "This app needs access to your health data to show your activity information";
				INFOPLIST_KEY_NSHealthUpdateUsageDescription = "This app needs permission to update your health data";
				INFOPLIST_KEY_NSLocationWhenInUseUsageDescription = "This app needs your location to show weather information";
				INFOPLIST_KEY_NSRemindersUsageDescription = "This app needs access to your reminders to show pending tasks.";
				"INFOPLIST_KEY_UIApplicationSceneManifest_Generation[sdk=iphoneos*]" = YES;
				"INFOPLIST_KEY_UIApplicationSceneManifest_Generation[sdk=iphonesimulator*]" = YES;
				"INFOPLIST_KEY_UIApplicationSupportsIndirectInputEvents[sdk=iphoneos*]" = YES;
				"INFOPLIST_KEY_UIApplicationSupportsIndirectInputEvents[sdk=iphonesimulator*]" = YES;
				"INFOPLIST_KEY_UILaunchScreen_Generation[sdk=iphoneos*]" = YES;
				"INFOPLIST_KEY_UILaunchScreen_Generation[sdk=iphonesimulator*]" = YES;
				"INFOPLIST_KEY_UIStatusBarStyle[sdk=iphoneos*]" = UIStatusBarStyleDefault;
				"INFOPLIST_KEY_UIStatusBarStyle[sdk=iphonesimulator*]" = UIStatusBarStyleDefault;
				INFOPLIST_KEY_UISupportedInterfaceOrientations_iPad = "UIInterfaceOrientationPortrait UIInterfaceOrientationPortraitUpsideDown UIInterfaceOrientationLandscapeLeft UIInterfaceOrientationLandscapeRight";
				INFOPLIST_KEY_UISupportedInterfaceOrientations_iPhone = "UIInterfaceOrientationPortrait UIInterfaceOrientationLandscapeLeft UIInterfaceOrientationLandscapeRight";
				IPHONEOS_DEPLOYMENT_TARGET = 18.4;
				LD_RUNPATH_SEARCH_PATHS = "@executable_path/Frameworks";
				"LD_RUNPATH_SEARCH_PATHS[sdk=macosx*]" = "@executable_path/../Frameworks";
				MACOSX_DEPLOYMENT_TARGET = 15.4;
				MARKETING_VERSION = 1.0;
				PRODUCT_BUNDLE_IDENTIFIER = aguilarcarboni.athena;
				PRODUCT_NAME = "$(TARGET_NAME)";
				REGISTER_APP_GROUPS = YES;
				SDKROOT = auto;
				SUPPORTED_PLATFORMS = "iphoneos iphonesimulator macosx xros xrsimulator";
				SWIFT_EMIT_LOC_STRINGS = YES;
				SWIFT_VERSION = 5.0;
				TARGETED_DEVICE_FAMILY = "1,2,7";
				XROS_DEPLOYMENT_TARGET = 2.4;
			};
			name = Release;
		};
		91D30ADE2DBEA3BA0059E396 /* Debug */ = {
			isa = XCBuildConfiguration;
			buildSettings = {
				BUNDLE_LOADER = "$(TEST_HOST)";
				CODE_SIGN_STYLE = Automatic;
				CURRENT_PROJECT_VERSION = 1;
				DEVELOPMENT_TEAM = T3Y5M253T5;
				GENERATE_INFOPLIST_FILE = YES;
				IPHONEOS_DEPLOYMENT_TARGET = 18.4;
				MACOSX_DEPLOYMENT_TARGET = 15.4;
				MARKETING_VERSION = 1.0;
				PRODUCT_BUNDLE_IDENTIFIER = aguilarcarboni.athenaTests;
				PRODUCT_NAME = "$(TARGET_NAME)";
				SDKROOT = auto;
				SUPPORTED_PLATFORMS = "iphoneos iphonesimulator macosx xros xrsimulator";
				SWIFT_EMIT_LOC_STRINGS = NO;
				SWIFT_VERSION = 5.0;
				TARGETED_DEVICE_FAMILY = "1,2,7";
				TEST_HOST = "$(BUILT_PRODUCTS_DIR)/athena.app/$(BUNDLE_EXECUTABLE_FOLDER_PATH)/athena";
				XROS_DEPLOYMENT_TARGET = 2.4;
			};
			name = Debug;
		};
		91D30ADF2DBEA3BA0059E396 /* Release */ = {
			isa = XCBuildConfiguration;
			buildSettings = {
				BUNDLE_LOADER = "$(TEST_HOST)";
				CODE_SIGN_STYLE = Automatic;
				CURRENT_PROJECT_VERSION = 1;
				DEVELOPMENT_TEAM = T3Y5M253T5;
				GENERATE_INFOPLIST_FILE = YES;
				IPHONEOS_DEPLOYMENT_TARGET = 18.4;
				MACOSX_DEPLOYMENT_TARGET = 15.4;
				MARKETING_VERSION = 1.0;
				PRODUCT_BUNDLE_IDENTIFIER = aguilarcarboni.athenaTests;
				PRODUCT_NAME = "$(TARGET_NAME)";
				SDKROOT = auto;
				SUPPORTED_PLATFORMS = "iphoneos iphonesimulator macosx xros xrsimulator";
				SWIFT_EMIT_LOC_STRINGS = NO;
				SWIFT_VERSION = 5.0;
				TARGETED_DEVICE_FAMILY = "1,2,7";
				TEST_HOST = "$(BUILT_PRODUCTS_DIR)/athena.app/$(BUNDLE_EXECUTABLE_FOLDER_PATH)/athena";
				XROS_DEPLOYMENT_TARGET = 2.4;
			};
			name = Release;
		};
		91D30AE12DBEA3BA0059E396 /* Debug */ = {
			isa = XCBuildConfiguration;
			buildSettings = {
				CODE_SIGN_STYLE = Automatic;
				CURRENT_PROJECT_VERSION = 1;
				DEVELOPMENT_TEAM = T3Y5M253T5;
				GENERATE_INFOPLIST_FILE = YES;
				IPHONEOS_DEPLOYMENT_TARGET = 18.4;
				MACOSX_DEPLOYMENT_TARGET = 15.4;
				MARKETING_VERSION = 1.0;
				PRODUCT_BUNDLE_IDENTIFIER = aguilarcarboni.athenaUITests;
				PRODUCT_NAME = "$(TARGET_NAME)";
				SDKROOT = auto;
				SUPPORTED_PLATFORMS = "iphoneos iphonesimulator macosx xros xrsimulator";
				SWIFT_EMIT_LOC_STRINGS = NO;
				SWIFT_VERSION = 5.0;
				TARGETED_DEVICE_FAMILY = "1,2,7";
				TEST_TARGET_NAME = athena;
				XROS_DEPLOYMENT_TARGET = 2.4;
			};
			name = Debug;
		};
		91D30AE22DBEA3BA0059E396 /* Release */ = {
			isa = XCBuildConfiguration;
			buildSettings = {
				CODE_SIGN_STYLE = Automatic;
				CURRENT_PROJECT_VERSION = 1;
				DEVELOPMENT_TEAM = T3Y5M253T5;
				GENERATE_INFOPLIST_FILE = YES;
				IPHONEOS_DEPLOYMENT_TARGET = 18.4;
				MACOSX_DEPLOYMENT_TARGET = 15.4;
				MARKETING_VERSION = 1.0;
				PRODUCT_BUNDLE_IDENTIFIER = aguilarcarboni.athenaUITests;
				PRODUCT_NAME = "$(TARGET_NAME)";
				SDKROOT = auto;
				SUPPORTED_PLATFORMS = "iphoneos iphonesimulator macosx xros xrsimulator";
				SWIFT_EMIT_LOC_STRINGS = NO;
				SWIFT_VERSION = 5.0;
				TARGETED_DEVICE_FAMILY = "1,2,7";
				TEST_TARGET_NAME = athena;
				XROS_DEPLOYMENT_TARGET = 2.4;
			};
			name = Release;
		};
/* End XCBuildConfiguration section */

/* Begin XCConfigurationList section */
		91D30AB32DBEA3B90059E396 /* Build configuration list for PBXProject "athena" */ = {
			isa = XCConfigurationList;
			buildConfigurations = (
				91D30AD82DBEA3BA0059E396 /* Debug */,
				91D30AD92DBEA3BA0059E396 /* Release */,
			);
			defaultConfigurationIsVisible = 0;
			defaultConfigurationName = Release;
		};
		91D30ADA2DBEA3BA0059E396 /* Build configuration list for PBXNativeTarget "athena" */ = {
			isa = XCConfigurationList;
			buildConfigurations = (
				91D30ADB2DBEA3BA0059E396 /* Debug */,
				91D30ADC2DBEA3BA0059E396 /* Release */,
			);
			defaultConfigurationIsVisible = 0;
			defaultConfigurationName = Release;
		};
		91D30ADD2DBEA3BA0059E396 /* Build configuration list for PBXNativeTarget "athenaTests" */ = {
			isa = XCConfigurationList;
			buildConfigurations = (
				91D30ADE2DBEA3BA0059E396 /* Debug */,
				91D30ADF2DBEA3BA0059E396 /* Release */,
			);
			defaultConfigurationIsVisible = 0;
			defaultConfigurationName = Release;
		};
		91D30AE02DBEA3BA0059E396 /* Build configuration list for PBXNativeTarget "athenaUITests" */ = {
			isa = XCConfigurationList;
			buildConfigurations = (
				91D30AE12DBEA3BA0059E396 /* Debug */,
				91D30AE22DBEA3BA0059E396 /* Release */,
			);
			defaultConfigurationIsVisible = 0;
			defaultConfigurationName = Release;
		};
/* End XCConfigurationList section */
	};
	rootObject = 91D30AB02DBEA3B90059E396 /* Project object */;
}
